
Microsoft Visual Studio Solution File, Format Version 12.00
# Visual Studio Version 17
VisualStudioVersion = 17.9.34902.65
MinimumVisualStudioVersion = 10.0.40219.1
Project("{FAE04EC0-301F-11D3-BF4B-00C04F79EFBC}") = "OLWSHIFT", "OLWSHIFT.csproj", "{341F0488-7F5A-40AF-89E8-D712020EFECD}"
EndProject
Global
	GlobalSection(SolutionConfigurationPlatforms) = preSolution
		Debug|Any CPU = Debug|Any CPU
		Release|Any CPU = Release|Any CPU
	EndGlobalSection
	GlobalSection(ProjectConfigurationPlatforms) = postSolution
		{341F0488-7F5A-40AF-89E8-D712020EFECD}.Debug|Any CPU.ActiveCfg = Debug|Any CPU
		{341F0488-7F5A-40AF-89E8-D712020EFECD}.Debug|Any CPU.Build.0 = Debug|Any CPU
		{341F0488-7F5A-40AF-89E8-D712020EFECD}.Release|Any CPU.ActiveCfg = Release|Any CPU
		{341F0488-7F5A-40AF-89E8-D712020EFECD}.Release|Any CPU.Build.0 = Release|Any CPU
	EndGlobalSection
	GlobalSection(SolutionProperties) = preSolution
		HideSolutionNode = FALSE
	EndGlobalSection
	GlobalSection(ExtensibilityGlobals) = postSolution
		SolutionGuid = {5B269BE8-0727-499A-AC4B-7C6F163E29E9}
	EndGlobalSection
EndGlobal
